
Microsoft Visual Studio Solution File, Format Version 12.00
# Visual Studio Version 16
VisualStudioVersion = 16.0.29519.181
MinimumVisualStudioVersion = 10.0.40219.1
Project("{9A19103F-16F7-4668-BE54-9A1E7A4F7556}") = "VangelAuto.Api", "VangelAuto.Api\VangelAuto.Api.csproj", "{3C005443-4D1F-412F-B037-9ECEFE61D89D}"
EndProject
Project("{9A19103F-16F7-4668-BE54-9A1E7A4F7556}") = "VangelAuto.Data", "VangelAuto.Data\VangelAuto.Data.csproj", "{26E0C9E4-B850-452E-90A2-4AEE42489A08}"
EndProject
Project("{9A19103F-16F7-4668-BE54-9A1E7A4F7556}") = "VangelAuto.Services", "VangelAuto.Services\VangelAuto.Services.csproj", "{628C5DC2-1612-4A12-B816-04D4E52022B9}"
EndProject
Global
	GlobalSection(SolutionConfigurationPlatforms) = preSolution
		Debug|Any CPU = Debug|Any CPU
		Release|Any CPU = Release|Any CPU
	EndGlobalSection
	GlobalSection(ProjectConfigurationPlatforms) = postSolution
		{3C005443-4D1F-412F-B037-9ECEFE61D89D}.Debug|Any CPU.ActiveCfg = Debug|Any CPU
		{3C005443-4D1F-412F-B037-9ECEFE61D89D}.Debug|Any CPU.Build.0 = Debug|Any CPU
		{3C005443-4D1F-412F-B037-9ECEFE61D89D}.Release|Any CPU.ActiveCfg = Release|Any CPU
		{3C005443-4D1F-412F-B037-9ECEFE61D89D}.Release|Any CPU.Build.0 = Release|Any CPU
		{26E0C9E4-B850-452E-90A2-4AEE42489A08}.Debug|Any CPU.ActiveCfg = Debug|Any CPU
		{26E0C9E4-B850-452E-90A2-4AEE42489A08}.Debug|Any CPU.Build.0 = Debug|Any CPU
		{26E0C9E4-B850-452E-90A2-4AEE42489A08}.Release|Any CPU.ActiveCfg = Release|Any CPU
		{26E0C9E4-B850-452E-90A2-4AEE42489A08}.Release|Any CPU.Build.0 = Release|Any CPU
		{628C5DC2-1612-4A12-B816-04D4E52022B9}.Debug|Any CPU.ActiveCfg = Debug|Any CPU
		{628C5DC2-1612-4A12-B816-04D4E52022B9}.Debug|Any CPU.Build.0 = Debug|Any CPU
		{628C5DC2-1612-4A12-B816-04D4E52022B9}.Release|Any CPU.ActiveCfg = Release|Any CPU
		{628C5DC2-1612-4A12-B816-04D4E52022B9}.Release|Any CPU.Build.0 = Release|Any CPU
	EndGlobalSection
	GlobalSection(SolutionProperties) = preSolution
		HideSolutionNode = FALSE
	EndGlobalSection
	GlobalSection(ExtensibilityGlobals) = postSolution
		SolutionGuid = {990BD03A-6CFD-4CA2-8D06-4D14F2875BBD}
	EndGlobalSection
EndGlobal
